
Microsoft Visual Studio Solution File, Format Version 12.00
# Visual Studio Version 17
VisualStudioVersion = 17.14.36221.1 d17.14
MinimumVisualStudioVersion = 10.0.40219.1
Project("{FAE04EC0-301F-11D3-BF4B-00C04F79EFBC}") = "HolidaySearch", "HolidaySearch\HolidaySearch.csproj", "{8C75BFF6-BD52-4B34-843C-A447B94B5074}"
EndProject
Project("{FAE04EC0-301F-11D3-BF4B-00C04F79EFBC}") = "HolidaySearch.Tests", "HolidaySearch.Tests\HolidaySearch.Tests.csproj", "{1F2F29F7-766F-4DF9-B45E-30228A2B731A}"
EndProject
Global
	GlobalSection(SolutionConfigurationPlatforms) = preSolution
		Debug|Any CPU = Debug|Any CPU
		Release|Any CPU = Release|Any CPU
	EndGlobalSection
	GlobalSection(ProjectConfigurationPlatforms) = postSolution
		{8C75BFF6-BD52-4B34-843C-A447B94B5074}.Debug|Any CPU.ActiveCfg = Debug|Any CPU
		{8C75BFF6-BD52-4B34-843C-A447B94B5074}.Debug|Any CPU.Build.0 = Debug|Any CPU
		{8C75BFF6-BD52-4B34-843C-A447B94B5074}.Release|Any CPU.ActiveCfg = Release|Any CPU
		{8C75BFF6-BD52-4B34-843C-A447B94B5074}.Release|Any CPU.Build.0 = Release|Any CPU
		{1F2F29F7-766F-4DF9-B45E-30228A2B731A}.Debug|Any CPU.ActiveCfg = Debug|Any CPU
		{1F2F29F7-766F-4DF9-B45E-30228A2B731A}.Debug|Any CPU.Build.0 = Debug|Any CPU
		{1F2F29F7-766F-4DF9-B45E-30228A2B731A}.Release|Any CPU.ActiveCfg = Release|Any CPU
		{1F2F29F7-766F-4DF9-B45E-30228A2B731A}.Release|Any CPU.Build.0 = Release|Any CPU
	EndGlobalSection
	GlobalSection(SolutionProperties) = preSolution
		HideSolutionNode = FALSE
	EndGlobalSection
	GlobalSection(ExtensibilityGlobals) = postSolution
		SolutionGuid = {B86E1484-182D-4153-AD71-91A67DE39F41}
	EndGlobalSection
EndGlobal
